// !$*UTF8*$!
{
	archiveVersion = 1;
	classes = {
	};
	objectVersion = 56;
	objects = {

/* Begin PBXBuildFile section */
		1F0FA7932CB18410008218FE /* SnappidexView.swift in Sources */ = {isa = PBXBuildFile; fileRef = 1F0FA7922CB183ED008218FE /* SnappidexView.swift */; };
		1F0FA7952CB188D3008218FE /* AnimalDescriptionView.swift in Sources */ = {isa = PBXBuildFile; fileRef = 1F0FA7942CB188B3008218FE /* AnimalDescriptionView.swift */; };
		1F29E4AC2C9CAB46000B3434 /* CreateAccountView.swift in Sources */ = {isa = PBXBuildFile; fileRef = 1F29E4AB2C9CAB3D000B3434 /* CreateAccountView.swift */; };
		1F29E4AE2C9CAC38000B3434 /* HomeView.swift in Sources */ = {isa = PBXBuildFile; fileRef = 1F29E4AD2C9CAC2C000B3434 /* HomeView.swift */; };
		1F2F55FE2CC5B442004027EA /* EditSnappidexView.swift in Sources */ = {isa = PBXBuildFile; fileRef = 1F2F55FD2CC5B437004027EA /* EditSnappidexView.swift */; };
		1FC923F52CD7E937005DD4A4 /* CameraView.swift in Sources */ = {isa = PBXBuildFile; fileRef = 1FC923F42CD7E933005DD4A4 /* CameraView.swift */; };
		1FC923F72CDAD700005DD4A4 /* AccountSettingsView.swift in Sources */ = {isa = PBXBuildFile; fileRef = 1FC923F62CDAD6F1005DD4A4 /* AccountSettingsView.swift */; };
		1FC923F92CDAD72C005DD4A4 /* AccessibilitySettingsView.swift in Sources */ = {isa = PBXBuildFile; fileRef = 1FC923F82CDAD712005DD4A4 /* AccessibilitySettingsView.swift */; };
		1FC923FB2CDAD74D005DD4A4 /* NotificationsSettingsView.swift in Sources */ = {isa = PBXBuildFile; fileRef = 1FC923FA2CDAD73D005DD4A4 /* NotificationsSettingsView.swift */; };
		1FC923FD2CDAD764005DD4A4 /* CameraSettingsView.swift in Sources */ = {isa = PBXBuildFile; fileRef = 1FC923FC2CDAD75E005DD4A4 /* CameraSettingsView.swift */; };
		1FC923FF2CDAD785005DD4A4 /* WildlifeDatabaseSettingsView.swift in Sources */ = {isa = PBXBuildFile; fileRef = 1FC923FE2CDAD775005DD4A4 /* WildlifeDatabaseSettingsView.swift */; };
		288E292A2CC7D4B800F28C35 /* FirebaseAuth in Frameworks */ = {isa = PBXBuildFile; productRef = 288E29292CC7D4B800F28C35 /* FirebaseAuth */; };
		288E292E2CC7D52800F28C35 /* GoogleService-Info.plist in Resources */ = {isa = PBXBuildFile; fileRef = 288E292D2CC7D52800F28C35 /* GoogleService-Info.plist */; };
		AE5565772C9B2A08004AF61A /* SnapEmAllApp.swift in Sources */ = {isa = PBXBuildFile; fileRef = AE5565762C9B2A08004AF61A /* SnapEmAllApp.swift */; };
		AE5565792C9B2A08004AF61A /* ContentView.swift in Sources */ = {isa = PBXBuildFile; fileRef = AE5565782C9B2A08004AF61A /* ContentView.swift */; };
		AE55657B2C9B2A0A004AF61A /* Assets.xcassets in Resources */ = {isa = PBXBuildFile; fileRef = AE55657A2C9B2A0A004AF61A /* Assets.xcassets */; };
		AE55657E2C9B2A0A004AF61A /* Preview Assets.xcassets in Resources */ = {isa = PBXBuildFile; fileRef = AE55657D2C9B2A0A004AF61A /* Preview Assets.xcassets */; };
		AE989B1E2CDDAE86004E6E62 /* LocalAnimalFinder.swift in Sources */ = {isa = PBXBuildFile; fileRef = AE989B1D2CDDAE86004E6E62 /* LocalAnimalFinder.swift */; };
		AE989B202CDDB324004E6E62 /* SnappidexViewModel.swift in Sources */ = {isa = PBXBuildFile; fileRef = AE989B1F2CDDB324004E6E62 /* SnappidexViewModel.swift */; };
		AE989B222CDFC12F004E6E62 /* GalleryView.swift in Sources */ = {isa = PBXBuildFile; fileRef = AE989B212CDFC12F004E6E62 /* GalleryView.swift */; };
		AE989B242CDFE75A004E6E62 /* GalleryPhotoView.swift in Sources */ = {isa = PBXBuildFile; fileRef = AE989B232CDFE75A004E6E62 /* GalleryPhotoView.swift */; };
		AE98B9012C9C5FE500B3E373 /* SettingsView.swift in Sources */ = {isa = PBXBuildFile; fileRef = AE98B9002C9C5FE500B3E373 /* SettingsView.swift */; };
		AEB13A772CC410DD00B3E35B /* MapView.swift in Sources */ = {isa = PBXBuildFile; fileRef = AEB13A762CC410DD00B3E35B /* MapView.swift */; };
/* End PBXBuildFile section */

/* Begin PBXFileReference section */
		1F0FA7922CB183ED008218FE /* SnappidexView.swift */ = {isa = PBXFileReference; lastKnownFileType = sourcecode.swift; path = SnappidexView.swift; sourceTree = "<group>"; };
		1F0FA7942CB188B3008218FE /* AnimalDescriptionView.swift */ = {isa = PBXFileReference; lastKnownFileType = sourcecode.swift; path = AnimalDescriptionView.swift; sourceTree = "<group>"; };
		1F29E4AB2C9CAB3D000B3434 /* CreateAccountView.swift */ = {isa = PBXFileReference; lastKnownFileType = sourcecode.swift; path = CreateAccountView.swift; sourceTree = "<group>"; };
		1F29E4AD2C9CAC2C000B3434 /* HomeView.swift */ = {isa = PBXFileReference; lastKnownFileType = sourcecode.swift; path = HomeView.swift; sourceTree = "<group>"; };
		1F2F55FD2CC5B437004027EA /* EditSnappidexView.swift */ = {isa = PBXFileReference; lastKnownFileType = sourcecode.swift; path = EditSnappidexView.swift; sourceTree = "<group>"; };
		1FC923F42CD7E933005DD4A4 /* CameraView.swift */ = {isa = PBXFileReference; lastKnownFileType = sourcecode.swift; path = CameraView.swift; sourceTree = "<group>"; };
		1FC923F62CDAD6F1005DD4A4 /* AccountSettingsView.swift */ = {isa = PBXFileReference; lastKnownFileType = sourcecode.swift; path = AccountSettingsView.swift; sourceTree = "<group>"; };
		1FC923F82CDAD712005DD4A4 /* AccessibilitySettingsView.swift */ = {isa = PBXFileReference; lastKnownFileType = sourcecode.swift; path = AccessibilitySettingsView.swift; sourceTree = "<group>"; };
		1FC923FA2CDAD73D005DD4A4 /* NotificationsSettingsView.swift */ = {isa = PBXFileReference; lastKnownFileType = sourcecode.swift; path = NotificationsSettingsView.swift; sourceTree = "<group>"; };
		1FC923FC2CDAD75E005DD4A4 /* CameraSettingsView.swift */ = {isa = PBXFileReference; lastKnownFileType = sourcecode.swift; path = CameraSettingsView.swift; sourceTree = "<group>"; };
		1FC923FE2CDAD775005DD4A4 /* WildlifeDatabaseSettingsView.swift */ = {isa = PBXFileReference; lastKnownFileType = sourcecode.swift; path = WildlifeDatabaseSettingsView.swift; sourceTree = "<group>"; };
		288E292D2CC7D52800F28C35 /* GoogleService-Info.plist */ = {isa = PBXFileReference; fileEncoding = 4; lastKnownFileType = text.plist.xml; path = "GoogleService-Info.plist"; sourceTree = "<group>"; };
		2891A4ED2CC9A9C10020288A /* Info.plist */ = {isa = PBXFileReference; lastKnownFileType = text.plist; path = Info.plist; sourceTree = "<group>"; };
		2891A4EE2CC9AC1D0020288A /* SnapEmAll.entitlements */ = {isa = PBXFileReference; lastKnownFileType = text.plist.entitlements; path = SnapEmAll.entitlements; sourceTree = "<group>"; };
		AE5565732C9B2A08004AF61A /* SnapEmAll.app */ = {isa = PBXFileReference; explicitFileType = wrapper.application; includeInIndex = 0; path = SnapEmAll.app; sourceTree = BUILT_PRODUCTS_DIR; };
		AE5565762C9B2A08004AF61A /* SnapEmAllApp.swift */ = {isa = PBXFileReference; lastKnownFileType = sourcecode.swift; path = SnapEmAllApp.swift; sourceTree = "<group>"; };
		AE5565782C9B2A08004AF61A /* ContentView.swift */ = {isa = PBXFileReference; lastKnownFileType = sourcecode.swift; path = ContentView.swift; sourceTree = "<group>"; };
		AE55657A2C9B2A0A004AF61A /* Assets.xcassets */ = {isa = PBXFileReference; lastKnownFileType = folder.assetcatalog; path = Assets.xcassets; sourceTree = "<group>"; };
		AE55657D2C9B2A0A004AF61A /* Preview Assets.xcassets */ = {isa = PBXFileReference; lastKnownFileType = folder.assetcatalog; path = "Preview Assets.xcassets"; sourceTree = "<group>"; };
		AE989B1D2CDDAE86004E6E62 /* LocalAnimalFinder.swift */ = {isa = PBXFileReference; lastKnownFileType = sourcecode.swift; path = LocalAnimalFinder.swift; sourceTree = "<group>"; };
		AE989B1F2CDDB324004E6E62 /* SnappidexViewModel.swift */ = {isa = PBXFileReference; lastKnownFileType = sourcecode.swift; path = SnappidexViewModel.swift; sourceTree = "<group>"; };
		AE989B212CDFC12F004E6E62 /* GalleryView.swift */ = {isa = PBXFileReference; lastKnownFileType = sourcecode.swift; path = GalleryView.swift; sourceTree = "<group>"; };
		AE989B232CDFE75A004E6E62 /* GalleryPhotoView.swift */ = {isa = PBXFileReference; lastKnownFileType = sourcecode.swift; path = GalleryPhotoView.swift; sourceTree = "<group>"; };
		AE98B9002C9C5FE500B3E373 /* SettingsView.swift */ = {isa = PBXFileReference; lastKnownFileType = sourcecode.swift; path = SettingsView.swift; sourceTree = "<group>"; };
		AEB13A762CC410DD00B3E35B /* MapView.swift */ = {isa = PBXFileReference; lastKnownFileType = sourcecode.swift; path = MapView.swift; sourceTree = "<group>"; };
/* End PBXFileReference section */

/* Begin PBXFrameworksBuildPhase section */
		AE5565702C9B2A08004AF61A /* Frameworks */ = {
			isa = PBXFrameworksBuildPhase;
			buildActionMask = 2147483647;
			files = (
				288E292A2CC7D4B800F28C35 /* FirebaseAuth in Frameworks */,
			);
			runOnlyForDeploymentPostprocessing = 0;
		};
/* End PBXFrameworksBuildPhase section */

/* Begin PBXGroup section */
		AE55656A2C9B2A08004AF61A = {
			isa = PBXGroup;
			children = (
				AE5565752C9B2A08004AF61A /* SnapEmAll */,
				AE5565742C9B2A08004AF61A /* Products */,
			);
			sourceTree = "<group>";
		};
		AE5565742C9B2A08004AF61A /* Products */ = {
			isa = PBXGroup;
			children = (
				AE5565732C9B2A08004AF61A /* SnapEmAll.app */,
			);
			name = Products;
			sourceTree = "<group>";
		};
		AE5565752C9B2A08004AF61A /* SnapEmAll */ = {
			isa = PBXGroup;
			children = (
				2891A4EE2CC9AC1D0020288A /* SnapEmAll.entitlements */,
				2891A4ED2CC9A9C10020288A /* Info.plist */,
				AE5565762C9B2A08004AF61A /* SnapEmAllApp.swift */,
				AE5565782C9B2A08004AF61A /* ContentView.swift */,
				1F29E4AD2C9CAC2C000B3434 /* HomeView.swift */,
				1FC923F42CD7E933005DD4A4 /* CameraView.swift */,
				AE989B212CDFC12F004E6E62 /* GalleryView.swift */,
				AE989B232CDFE75A004E6E62 /* GalleryPhotoView.swift */,
				AE98B9002C9C5FE500B3E373 /* SettingsView.swift */,
				1FC923F62CDAD6F1005DD4A4 /* AccountSettingsView.swift */,
				1FC923F82CDAD712005DD4A4 /* AccessibilitySettingsView.swift */,
				1FC923FA2CDAD73D005DD4A4 /* NotificationsSettingsView.swift */,
				1FC923FC2CDAD75E005DD4A4 /* CameraSettingsView.swift */,
				1F0FA7942CB188B3008218FE /* AnimalDescriptionView.swift */,
				1FC923FE2CDAD775005DD4A4 /* WildlifeDatabaseSettingsView.swift */,
				288E292D2CC7D52800F28C35 /* GoogleService-Info.plist */,
				AEB13A762CC410DD00B3E35B /* MapView.swift */,
				AE989B1D2CDDAE86004E6E62 /* LocalAnimalFinder.swift */,
				1F0FA7922CB183ED008218FE /* SnappidexView.swift */,
				AE989B1F2CDDB324004E6E62 /* SnappidexViewModel.swift */,
				1F2F55FD2CC5B437004027EA /* EditSnappidexView.swift */,
				1F29E4AB2C9CAB3D000B3434 /* CreateAccountView.swift */,
				AE55657A2C9B2A0A004AF61A /* Assets.xcassets */,
				AE55657C2C9B2A0A004AF61A /* Preview Content */,
			);
			path = SnapEmAll;
			sourceTree = "<group>";
		};
		AE55657C2C9B2A0A004AF61A /* Preview Content */ = {
			isa = PBXGroup;
			children = (
				AE55657D2C9B2A0A004AF61A /* Preview Assets.xcassets */,
			);
			path = "Preview Content";
			sourceTree = "<group>";
		};
/* End PBXGroup section */

/* Begin PBXNativeTarget section */
		AE5565722C9B2A08004AF61A /* SnapEmAll */ = {
			isa = PBXNativeTarget;
			buildConfigurationList = AE5565812C9B2A0A004AF61A /* Build configuration list for PBXNativeTarget "SnapEmAll" */;
			buildPhases = (
				AE55656F2C9B2A08004AF61A /* Sources */,
				AE5565702C9B2A08004AF61A /* Frameworks */,
				AE5565712C9B2A08004AF61A /* Resources */,
			);
			buildRules = (
			);
			dependencies = (
			);
			name = SnapEmAll;
			packageProductDependencies = (
				288E29292CC7D4B800F28C35 /* FirebaseAuth */,
			);
			productName = SnapEmAll;
			productReference = AE5565732C9B2A08004AF61A /* SnapEmAll.app */;
			productType = "com.apple.product-type.application";
		};
/* End PBXNativeTarget section */

/* Begin PBXProject section */
		AE55656B2C9B2A08004AF61A /* Project object */ = {
			isa = PBXProject;
			attributes = {
				BuildIndependentTargetsInParallel = 1;
				LastSwiftUpdateCheck = 1530;
				LastUpgradeCheck = 1530;
				TargetAttributes = {
					AE5565722C9B2A08004AF61A = {
						CreatedOnToolsVersion = 15.3;
					};
				};
			};
			buildConfigurationList = AE55656E2C9B2A08004AF61A /* Build configuration list for PBXProject "SnapEmAll" */;
			compatibilityVersion = "Xcode 14.0";
			developmentRegion = en;
			hasScannedForEncodings = 0;
			knownRegions = (
				en,
				Base,
			);
			mainGroup = AE55656A2C9B2A08004AF61A;
			packageReferences = (
				AE500A042C9B53E200EDF3A2 /* XCRemoteSwiftPackageReference "firebase-ios-sdk" */,
			);
			productRefGroup = AE5565742C9B2A08004AF61A /* Products */;
			projectDirPath = "";
			projectRoot = "";
			targets = (
				AE5565722C9B2A08004AF61A /* SnapEmAll */,
			);
		};
/* End PBXProject section */

/* Begin PBXResourcesBuildPhase section */
		AE5565712C9B2A08004AF61A /* Resources */ = {
			isa = PBXResourcesBuildPhase;
			buildActionMask = 2147483647;
			files = (
				AE55657E2C9B2A0A004AF61A /* Preview Assets.xcassets in Resources */,
				AE55657B2C9B2A0A004AF61A /* Assets.xcassets in Resources */,
				288E292E2CC7D52800F28C35 /* GoogleService-Info.plist in Resources */,
			);
			runOnlyForDeploymentPostprocessing = 0;
		};
/* End PBXResourcesBuildPhase section */

/* Begin PBXSourcesBuildPhase section */
		AE55656F2C9B2A08004AF61A /* Sources */ = {
			isa = PBXSourcesBuildPhase;
			buildActionMask = 2147483647;
			files = (
				AE98B9012C9C5FE500B3E373 /* SettingsView.swift in Sources */,
				AEB13A772CC410DD00B3E35B /* MapView.swift in Sources */,
				1FC923FD2CDAD764005DD4A4 /* CameraSettingsView.swift in Sources */,
				AE5565792C9B2A08004AF61A /* ContentView.swift in Sources */,
				1FC923FF2CDAD785005DD4A4 /* WildlifeDatabaseSettingsView.swift in Sources */,
				1FC923F52CD7E937005DD4A4 /* CameraView.swift in Sources */,
				1FC923F72CDAD700005DD4A4 /* AccountSettingsView.swift in Sources */,
				AE989B242CDFE75A004E6E62 /* GalleryPhotoView.swift in Sources */,
				AE989B222CDFC12F004E6E62 /* GalleryView.swift in Sources */,
				AE989B1E2CDDAE86004E6E62 /* LocalAnimalFinder.swift in Sources */,
				AE989B202CDDB324004E6E62 /* SnappidexViewModel.swift in Sources */,
				1F29E4AC2C9CAB46000B3434 /* CreateAccountView.swift in Sources */,
				1F29E4AE2C9CAC38000B3434 /* HomeView.swift in Sources */,
				AE5565772C9B2A08004AF61A /* SnapEmAllApp.swift in Sources */,
				1F0FA7952CB188D3008218FE /* AnimalDescriptionView.swift in Sources */,
				1F0FA7932CB18410008218FE /* SnappidexView.swift in Sources */,
				1FC923F92CDAD72C005DD4A4 /* AccessibilitySettingsView.swift in Sources */,
				1F2F55FE2CC5B442004027EA /* EditSnappidexView.swift in Sources */,
				1FC923FB2CDAD74D005DD4A4 /* NotificationsSettingsView.swift in Sources */,
			);
			runOnlyForDeploymentPostprocessing = 0;
		};
/* End PBXSourcesBuildPhase section */

/* Begin XCBuildConfiguration section */
		AE55657F2C9B2A0A004AF61A /* Debug */ = {
			isa = XCBuildConfiguration;
			buildSettings = {
				ALWAYS_SEARCH_USER_PATHS = NO;
				ASSETCATALOG_COMPILER_GENERATE_SWIFT_ASSET_SYMBOL_EXTENSIONS = YES;
				CLANG_ANALYZER_NONNULL = YES;
				CLANG_ANALYZER_NUMBER_OBJECT_CONVERSION = YES_AGGRESSIVE;
				CLANG_CXX_LANGUAGE_STANDARD = "gnu++20";
				CLANG_ENABLE_MODULES = YES;
				CLANG_ENABLE_OBJC_ARC = YES;
				CLANG_ENABLE_OBJC_WEAK = YES;
				CLANG_WARN_BLOCK_CAPTURE_AUTORELEASING = YES;
				CLANG_WARN_BOOL_CONVERSION = YES;
				CLANG_WARN_COMMA = YES;
				CLANG_WARN_CONSTANT_CONVERSION = YES;
				CLANG_WARN_DEPRECATED_OBJC_IMPLEMENTATIONS = YES;
				CLANG_WARN_DIRECT_OBJC_ISA_USAGE = YES_ERROR;
				CLANG_WARN_DOCUMENTATION_COMMENTS = YES;
				CLANG_WARN_EMPTY_BODY = YES;
				CLANG_WARN_ENUM_CONVERSION = YES;
				CLANG_WARN_INFINITE_RECURSION = YES;
				CLANG_WARN_INT_CONVERSION = YES;
				CLANG_WARN_NON_LITERAL_NULL_CONVERSION = YES;
				CLANG_WARN_OBJC_IMPLICIT_RETAIN_SELF = YES;
				CLANG_WARN_OBJC_LITERAL_CONVERSION = YES;
				CLANG_WARN_OBJC_ROOT_CLASS = YES_ERROR;
				CLANG_WARN_QUOTED_INCLUDE_IN_FRAMEWORK_HEADER = YES;
				CLANG_WARN_RANGE_LOOP_ANALYSIS = YES;
				CLANG_WARN_STRICT_PROTOTYPES = YES;
				CLANG_WARN_SUSPICIOUS_MOVE = YES;
				CLANG_WARN_UNGUARDED_AVAILABILITY = YES_AGGRESSIVE;
				CLANG_WARN_UNREACHABLE_CODE = YES;
				CLANG_WARN__DUPLICATE_METHOD_MATCH = YES;
				COPY_PHASE_STRIP = NO;
				DEBUG_INFORMATION_FORMAT = dwarf;
				ENABLE_STRICT_OBJC_MSGSEND = YES;
				ENABLE_TESTABILITY = YES;
				ENABLE_USER_SCRIPT_SANDBOXING = YES;
				GCC_C_LANGUAGE_STANDARD = gnu17;
				GCC_DYNAMIC_NO_PIC = NO;
				GCC_NO_COMMON_BLOCKS = YES;
				GCC_OPTIMIZATION_LEVEL = 0;
				GCC_PREPROCESSOR_DEFINITIONS = (
					"DEBUG=1",
					"$(inherited)",
				);
				GCC_WARN_64_TO_32_BIT_CONVERSION = YES;
				GCC_WARN_ABOUT_RETURN_TYPE = YES_ERROR;
				GCC_WARN_UNDECLARED_SELECTOR = YES;
				GCC_WARN_UNINITIALIZED_AUTOS = YES_AGGRESSIVE;
				GCC_WARN_UNUSED_FUNCTION = YES;
				GCC_WARN_UNUSED_VARIABLE = YES;
				IPHONEOS_DEPLOYMENT_TARGET = 17.4;
				LOCALIZATION_PREFERS_STRING_CATALOGS = YES;
				MTL_ENABLE_DEBUG_INFO = INCLUDE_SOURCE;
				MTL_FAST_MATH = YES;
				ONLY_ACTIVE_ARCH = YES;
				SDKROOT = iphoneos;
				SWIFT_ACTIVE_COMPILATION_CONDITIONS = "DEBUG $(inherited)";
				SWIFT_OPTIMIZATION_LEVEL = "-Onone";
			};
			name = Debug;
		};
		AE5565802C9B2A0A004AF61A /* Release */ = {
			isa = XCBuildConfiguration;
			buildSettings = {
				ALWAYS_SEARCH_USER_PATHS = NO;
				ASSETCATALOG_COMPILER_GENERATE_SWIFT_ASSET_SYMBOL_EXTENSIONS = YES;
				CLANG_ANALYZER_NONNULL = YES;
				CLANG_ANALYZER_NUMBER_OBJECT_CONVERSION = YES_AGGRESSIVE;
				CLANG_CXX_LANGUAGE_STANDARD = "gnu++20";
				CLANG_ENABLE_MODULES = YES;
				CLANG_ENABLE_OBJC_ARC = YES;
				CLANG_ENABLE_OBJC_WEAK = YES;
				CLANG_WARN_BLOCK_CAPTURE_AUTORELEASING = YES;
				CLANG_WARN_BOOL_CONVERSION = YES;
				CLANG_WARN_COMMA = YES;
				CLANG_WARN_CONSTANT_CONVERSION = YES;
				CLANG_WARN_DEPRECATED_OBJC_IMPLEMENTATIONS = YES;
				CLANG_WARN_DIRECT_OBJC_ISA_USAGE = YES_ERROR;
				CLANG_WARN_DOCUMENTATION_COMMENTS = YES;
				CLANG_WARN_EMPTY_BODY = YES;
				CLANG_WARN_ENUM_CONVERSION = YES;
				CLANG_WARN_INFINITE_RECURSION = YES;
				CLANG_WARN_INT_CONVERSION = YES;
				CLANG_WARN_NON_LITERAL_NULL_CONVERSION = YES;
				CLANG_WARN_OBJC_IMPLICIT_RETAIN_SELF = YES;
				CLANG_WARN_OBJC_LITERAL_CONVERSION = YES;
				CLANG_WARN_OBJC_ROOT_CLASS = YES_ERROR;
				CLANG_WARN_QUOTED_INCLUDE_IN_FRAMEWORK_HEADER = YES;
				CLANG_WARN_RANGE_LOOP_ANALYSIS = YES;
				CLANG_WARN_STRICT_PROTOTYPES = YES;
				CLANG_WARN_SUSPICIOUS_MOVE = YES;
				CLANG_WARN_UNGUARDED_AVAILABILITY = YES_AGGRESSIVE;
				CLANG_WARN_UNREACHABLE_CODE = YES;
				CLANG_WARN__DUPLICATE_METHOD_MATCH = YES;
				COPY_PHASE_STRIP = NO;
				DEBUG_INFORMATION_FORMAT = "dwarf-with-dsym";
				ENABLE_NS_ASSERTIONS = NO;
				ENABLE_STRICT_OBJC_MSGSEND = YES;
				ENABLE_USER_SCRIPT_SANDBOXING = YES;
				GCC_C_LANGUAGE_STANDARD = gnu17;
				GCC_NO_COMMON_BLOCKS = YES;
				GCC_WARN_64_TO_32_BIT_CONVERSION = YES;
				GCC_WARN_ABOUT_RETURN_TYPE = YES_ERROR;
				GCC_WARN_UNDECLARED_SELECTOR = YES;
				GCC_WARN_UNINITIALIZED_AUTOS = YES_AGGRESSIVE;
				GCC_WARN_UNUSED_FUNCTION = YES;
				GCC_WARN_UNUSED_VARIABLE = YES;
				IPHONEOS_DEPLOYMENT_TARGET = 17.4;
				LOCALIZATION_PREFERS_STRING_CATALOGS = YES;
				MTL_ENABLE_DEBUG_INFO = NO;
				MTL_FAST_MATH = YES;
				SDKROOT = iphoneos;
				SWIFT_COMPILATION_MODE = wholemodule;
				VALIDATE_PRODUCT = YES;
			};
			name = Release;
		};
		AE5565822C9B2A0A004AF61A /* Debug */ = {
			isa = XCBuildConfiguration;
			buildSettings = {
				ASSETCATALOG_COMPILER_APPICON_NAME = AppIcon;
				ASSETCATALOG_COMPILER_GLOBAL_ACCENT_COLOR_NAME = AccentColor;
				CODE_SIGN_ENTITLEMENTS = SnapEmAll/SnapEmAll.entitlements;
				CODE_SIGN_IDENTITY = "Apple Development";
				CODE_SIGN_STYLE = Automatic;
				CURRENT_PROJECT_VERSION = 1;
				DEVELOPMENT_ASSET_PATHS = "\"SnapEmAll/Preview Content\"";
				DEVELOPMENT_TEAM = KXFB6UWVWH;
				ENABLE_PREVIEWS = YES;
				GENERATE_INFOPLIST_FILE = YES;
				INFOPLIST_FILE = SnapEmAll/Info.plist;
				INFOPLIST_KEY_NSCameraUsageDescription = "We need your camera in order to identify animals";
				INFOPLIST_KEY_NSLocationWhenInUseUsageDescription = "We need your location to show it on the map.";
				INFOPLIST_KEY_UIApplicationSceneManifest_Generation = YES;
				INFOPLIST_KEY_UIApplicationSupportsIndirectInputEvents = YES;
				INFOPLIST_KEY_UILaunchScreen_Generation = YES;
				INFOPLIST_KEY_UISupportedInterfaceOrientations_iPad = "UIInterfaceOrientationPortrait UIInterfaceOrientationPortraitUpsideDown UIInterfaceOrientationLandscapeLeft UIInterfaceOrientationLandscapeRight";
				INFOPLIST_KEY_UISupportedInterfaceOrientations_iPhone = "UIInterfaceOrientationPortrait UIInterfaceOrientationLandscapeLeft UIInterfaceOrientationLandscapeRight";
				IPHONEOS_DEPLOYMENT_TARGET = 16.0;
				LD_RUNPATH_SEARCH_PATHS = (
					"$(inherited)",
					"@executable_path/Frameworks",
				);
				MARKETING_VERSION = 1.0;
				PRODUCT_BUNDLE_IDENTIFIER = cis454.demo.SnapEmAll;
				PRODUCT_NAME = "$(TARGET_NAME)";
				PROVISIONING_PROFILE_SPECIFIER = "";
				SWIFT_EMIT_LOC_STRINGS = YES;
				SWIFT_VERSION = 5.0;
				TARGETED_DEVICE_FAMILY = "1,2";
			};
			name = Debug;
		};
		AE5565832C9B2A0A004AF61A /* Release */ = {
			isa = XCBuildConfiguration;
			buildSettings = {
				ASSETCATALOG_COMPILER_APPICON_NAME = AppIcon;
				ASSETCATALOG_COMPILER_GLOBAL_ACCENT_COLOR_NAME = AccentColor;
				CODE_SIGN_ENTITLEMENTS = SnapEmAll/SnapEmAll.entitlements;
				CODE_SIGN_IDENTITY = "Apple Development";
				CODE_SIGN_STYLE = Automatic;
				CURRENT_PROJECT_VERSION = 1;
				DEVELOPMENT_ASSET_PATHS = "\"SnapEmAll/Preview Content\"";
				DEVELOPMENT_TEAM = KXFB6UWVWH;
				ENABLE_PREVIEWS = YES;
				GENERATE_INFOPLIST_FILE = YES;
				INFOPLIST_FILE = SnapEmAll/Info.plist;
				INFOPLIST_KEY_NSCameraUsageDescription = "We need your camera in order to identify animals";
				INFOPLIST_KEY_NSLocationWhenInUseUsageDescription = "We need your location to show it on the map.";
				INFOPLIST_KEY_UIApplicationSceneManifest_Generation = YES;
				INFOPLIST_KEY_UIApplicationSupportsIndirectInputEvents = YES;
				INFOPLIST_KEY_UILaunchScreen_Generation = YES;
				INFOPLIST_KEY_UISupportedInterfaceOrientations_iPad = "UIInterfaceOrientationPortrait UIInterfaceOrientationPortraitUpsideDown UIInterfaceOrientationLandscapeLeft UIInterfaceOrientationLandscapeRight";
				INFOPLIST_KEY_UISupportedInterfaceOrientations_iPhone = "UIInterfaceOrientationPortrait UIInterfaceOrientationLandscapeLeft UIInterfaceOrientationLandscapeRight";
				IPHONEOS_DEPLOYMENT_TARGET = 16.0;
				LD_RUNPATH_SEARCH_PATHS = (
					"$(inherited)",
					"@executable_path/Frameworks",
				);
				MARKETING_VERSION = 1.0;
				PRODUCT_BUNDLE_IDENTIFIER = cis454.demo.SnapEmAll;
				PRODUCT_NAME = "$(TARGET_NAME)";
				PROVISIONING_PROFILE_SPECIFIER = "";
				SWIFT_EMIT_LOC_STRINGS = YES;
				SWIFT_VERSION = 5.0;
				TARGETED_DEVICE_FAMILY = "1,2";
			};
			name = Release;
		};
/* End XCBuildConfiguration section */

/* Begin XCConfigurationList section */
		AE55656E2C9B2A08004AF61A /* Build configuration list for PBXProject "SnapEmAll" */ = {
			isa = XCConfigurationList;
			buildConfigurations = (
				AE55657F2C9B2A0A004AF61A /* Debug */,
				AE5565802C9B2A0A004AF61A /* Release */,
			);
			defaultConfigurationIsVisible = 0;
			defaultConfigurationName = Release;
		};
		AE5565812C9B2A0A004AF61A /* Build configuration list for PBXNativeTarget "SnapEmAll" */ = {
			isa = XCConfigurationList;
			buildConfigurations = (
				AE5565822C9B2A0A004AF61A /* Debug */,
				AE5565832C9B2A0A004AF61A /* Release */,
			);
			defaultConfigurationIsVisible = 0;
			defaultConfigurationName = Release;
		};
/* End XCConfigurationList section */

/* Begin XCRemoteSwiftPackageReference section */
		AE500A042C9B53E200EDF3A2 /* XCRemoteSwiftPackageReference "firebase-ios-sdk" */ = {
			isa = XCRemoteSwiftPackageReference;
			repositoryURL = "https://github.com/firebase/firebase-ios-sdk";
			requirement = {
				kind = upToNextMajorVersion;
				minimumVersion = 11.2.0;
			};
		};
/* End XCRemoteSwiftPackageReference section */

/* Begin XCSwiftPackageProductDependency section */
		288E29292CC7D4B800F28C35 /* FirebaseAuth */ = {
			isa = XCSwiftPackageProductDependency;
			package = AE500A042C9B53E200EDF3A2 /* XCRemoteSwiftPackageReference "firebase-ios-sdk" */;
			productName = FirebaseAuth;
		};
/* End XCSwiftPackageProductDependency section */
	};
	rootObject = AE55656B2C9B2A08004AF61A /* Project object */;
}
